
Microsoft Visual Studio Solution File, Format Version 12.00
# Visual Studio Version 17
VisualStudioVersion = 17.5.002.0
MinimumVisualStudioVersion = 10.0.40219.1
Project("{9A19103F-16F7-4668-BE54-9A1E7A4F7556}") = "DecimalHexa", "DecimalHexa.csproj", "{9AA14300-CCE2-4464-B9FE-736CC4179B85}"
EndProject
Global
	GlobalSection(SolutionConfigurationPlatforms) = preSolution
		Debug|Any CPU = Debug|Any CPU
		Release|Any CPU = Release|Any CPU
	EndGlobalSection
	GlobalSection(ProjectConfigurationPlatforms) = postSolution
		{9AA14300-CCE2-4464-B9FE-736CC4179B85}.Debug|Any CPU.ActiveCfg = Debug|Any CPU
		{9AA14300-CCE2-4464-B9FE-736CC4179B85}.Debug|Any CPU.Build.0 = Debug|Any CPU
		{9AA14300-CCE2-4464-B9FE-736CC4179B85}.Release|Any CPU.ActiveCfg = Release|Any CPU
		{9AA14300-CCE2-4464-B9FE-736CC4179B85}.Release|Any CPU.Build.0 = Release|Any CPU
	EndGlobalSection
	GlobalSection(SolutionProperties) = preSolution
		HideSolutionNode = FALSE
	EndGlobalSection
	GlobalSection(ExtensibilityGlobals) = postSolution
		SolutionGuid = {06818AD1-0DFB-4682-8219-41C0E1489959}
	EndGlobalSection
EndGlobal
